hash: 2d08d735d92d8e3c628da59d4866f3213de32b50159898acbf84830d8ef1f4a6
updated: 2016-07-24T22:12:54.559215661-07:00
imports:
- name: github.com/robertkrimen/otto
  version: c41cf547e08c4a88c36859766ece30dd178d7bc1
  subpackages:
  - ast
  - dbg
  - file
  - parser
  - registry
  - token
- name: golang.org/x/net
  version: 4d38db76854b199960801a1734443fd02870d7e1
  subpackages:
  - websocket
- name: gopkg.in/sourcemap.v1
  version: 8cd1e2e0ddc78dcb4511bcb184d23171bed15c67
  subpackages:
  - base64vlq
testImports: []
